// !$*UTF8*$!
{
	archiveVersion = 1;
	classes = {
	};
	objectVersion = 51;
	objects = {

/* Begin PBXBuildFile section */
		B272130C235A66A200C4E8C5 /* AppDelegate.swift in Sources */ = {isa = PBXBuildFile; fileRef = B272130B235A66A200C4E8C5 /* AppDelegate.swift */; };
		B272130E235A66A200C4E8C5 /* ViewController.swift in Sources */ = {isa = PBXBuildFile; fileRef = B272130D235A66A200C4E8C5 /* ViewController.swift */; };
		B2721311235A66A200C4E8C5 /* Main.storyboard in Resources */ = {isa = PBXBuildFile; fileRef = B272130F235A66A200C4E8C5 /* Main.storyboard */; };
		B2721313235A66A600C4E8C5 /* Assets.xcassets in Resources */ = {isa = PBXBuildFile; fileRef = B2721312235A66A600C4E8C5 /* Assets.xcassets */; };
		B2721316235A66A600C4E8C5 /* LaunchScreen.storyboard in Resources */ = {isa = PBXBuildFile; fileRef = B2721314235A66A600C4E8C5 /* LaunchScreen.storyboard */; };
		B2F4BD792366CC3B00303B24 /* LoginViewController.swift in Sources */ = {isa = PBXBuildFile; fileRef = B2F4BD782366CC3B00303B24 /* LoginViewController.swift */; };
		B2F4BD7B2366CC7D00303B24 /* HomeViewController.swift in Sources */ = {isa = PBXBuildFile; fileRef = B2F4BD7A2366CC7D00303B24 /* HomeViewController.swift */; };
		B2F4BD7D2366CDB300303B24 /* ImageSelectViewController.swift in Sources */ = {isa = PBXBuildFile; fileRef = B2F4BD7C2366CDB300303B24 /* ImageSelectViewController.swift */; };
		B2F4BD7F2366CE0300303B24 /* PostViewController.swift in Sources */ = {isa = PBXBuildFile; fileRef = B2F4BD7E2366CE0300303B24 /* PostViewController.swift */; };
		B2F4BD812366CE4800303B24 /* SettingViewController.swift in Sources */ = {isa = PBXBuildFile; fileRef = B2F4BD802366CE4800303B24 /* SettingViewController.swift */; };
		B2F4BD832366D84A00303B24 /* GoogleService-Info.plist in Resources */ = {isa = PBXBuildFile; fileRef = B2F4BD822366D84900303B24 /* GoogleService-Info.plist */; };
		B2F4BD852372D11400303B24 /* Const.swift in Sources */ = {isa = PBXBuildFile; fileRef = B2F4BD842372D11400303B24 /* Const.swift */; };
		B2F4BD872372D2F800303B24 /* PostData.swift in Sources */ = {isa = PBXBuildFile; fileRef = B2F4BD862372D2F800303B24 /* PostData.swift */; };
		B2F4BD8A2372D3D300303B24 /* PostTableViewCell.swift in Sources */ = {isa = PBXBuildFile; fileRef = B2F4BD882372D3D200303B24 /* PostTableViewCell.swift */; };
		B2F4BD8B2372D3D300303B24 /* PostTableViewCell.xib in Resources */ = {isa = PBXBuildFile; fileRef = B2F4BD892372D3D300303B24 /* PostTableViewCell.xib */; };
		D76B0CA9A9D84E763224AD94 /* Pods_Instagram.framework in Frameworks */ = {isa = PBXBuildFile; fileRef = 1C373A4ECA49B3E60C2FB90D /* Pods_Instagram.framework */; };
/* End PBXBuildFile section */

/* Begin PBXFileReference section */
		1C373A4ECA49B3E60C2FB90D /* Pods_Instagram.framework */ = {isa = PBXFileReference; explicitFileType = wrapper.framework; includeInIndex = 0; path = Pods_Instagram.framework; sourceTree = BUILT_PRODUCTS_DIR; };
		4EC6AA77A77A79C7939B70FF /* Pods-Instagram.debug.xcconfig */ = {isa = PBXFileReference; includeInIndex = 1; lastKnownFileType = text.xcconfig; name = "Pods-Instagram.debug.xcconfig"; path = "Target Support Files/Pods-Instagram/Pods-Instagram.debug.xcconfig"; sourceTree = "<group>"; };
		B2721308235A66A200C4E8C5 /* Instagram.app */ = {isa = PBXFileReference; explicitFileType = wrapper.application; includeInIndex = 0; path = Instagram.app; sourceTree = BUILT_PRODUCTS_DIR; };
		B272130B235A66A200C4E8C5 /* AppDelegate.swift */ = {isa = PBXFileReference; lastKnownFileType = sourcecode.swift; path = AppDelegate.swift; sourceTree = "<group>"; };
		B272130D235A66A200C4E8C5 /* ViewController.swift */ = {isa = PBXFileReference; lastKnownFileType = sourcecode.swift; path = ViewController.swift; sourceTree = "<group>"; };
		B2721310235A66A200C4E8C5 /* Base */ = {isa = PBXFileReference; lastKnownFileType = file.storyboard; name = Base; path = Base.lproj/Main.storyboard; sourceTree = "<group>"; };
		B2721312235A66A600C4E8C5 /* Assets.xcassets */ = {isa = PBXFileReference; lastKnownFileType = folder.assetcatalog; path = Assets.xcassets; sourceTree = "<group>"; };
		B2721315235A66A600C4E8C5 /* Base */ = {isa = PBXFileReference; lastKnownFileType = file.storyboard; name = Base; path = Base.lproj/LaunchScreen.storyboard; sourceTree = "<group>"; };
		B2721317235A66A600C4E8C5 /* Info.plist */ = {isa = PBXFileReference; lastKnownFileType = text.plist.xml; path = Info.plist; sourceTree = "<group>"; };
		B2F4BD782366CC3B00303B24 /* LoginViewController.swift */ = {isa = PBXFileReference; lastKnownFileType = sourcecode.swift; path = LoginViewController.swift; sourceTree = "<group>"; };
		B2F4BD7A2366CC7D00303B24 /* HomeViewController.swift */ = {isa = PBXFileReference; lastKnownFileType = sourcecode.swift; path = HomeViewController.swift; sourceTree = "<group>"; };
		B2F4BD7C2366CDB300303B24 /* ImageSelectViewController.swift */ = {isa = PBXFileReference; lastKnownFileType = sourcecode.swift; path = ImageSelectViewController.swift; sourceTree = "<group>"; };
		B2F4BD7E2366CE0300303B24 /* PostViewController.swift */ = {isa = PBXFileReference; lastKnownFileType = sourcecode.swift; path = PostViewController.swift; sourceTree = "<group>"; };
		B2F4BD802366CE4800303B24 /* SettingViewController.swift */ = {isa = PBXFileReference; lastKnownFileType = sourcecode.swift; path = SettingViewController.swift; sourceTree = "<group>"; };
		B2F4BD822366D84900303B24 /* GoogleService-Info.plist */ = {isa = PBXFileReference; fileEncoding = 4; lastKnownFileType = text.plist.xml; path = "GoogleService-Info.plist"; sourceTree = "<group>"; };
		B2F4BD842372D11400303B24 /* Const.swift */ = {isa = PBXFileReference; lastKnownFileType = sourcecode.swift; path = Const.swift; sourceTree = "<group>"; };
		B2F4BD862372D2F800303B24 /* PostData.swift */ = {isa = PBXFileReference; lastKnownFileType = sourcecode.swift; path = PostData.swift; sourceTree = "<group>"; };
		B2F4BD882372D3D200303B24 /* PostTableViewCell.swift */ = {isa = PBXFileReference; lastKnownFileType = sourcecode.swift; path = PostTableViewCell.swift; sourceTree = "<group>"; };
		B2F4BD892372D3D300303B24 /* PostTableViewCell.xib */ = {isa = PBXFileReference; lastKnownFileType = file.xib; path = PostTableViewCell.xib; sourceTree = "<group>"; };
		CC0A5D8B03C2E750569CF1C7 /* Pods-Instagram.release.xcconfig */ = {isa = PBXFileReference; includeInIndex = 1; lastKnownFileType = text.xcconfig; name = "Pods-Instagram.release.xcconfig"; path = "Target Support Files/Pods-Instagram/Pods-Instagram.release.xcconfig"; sourceTree = "<group>"; };
/* End PBXFileReference section */

/* Begin PBXFrameworksBuildPhase section */
		B2721305235A66A200C4E8C5 /* Frameworks */ = {
			isa = PBXFrameworksBuildPhase;
			buildActionMask = 2147483647;
			files = (
				D76B0CA9A9D84E763224AD94 /* Pods_Instagram.framework in Frameworks */,
			);
			runOnlyForDeploymentPostprocessing = 0;
		};
/* End PBXFrameworksBuildPhase section */

/* Begin PBXGroup section */
		B27212FF235A66A200C4E8C5 = {
			isa = PBXGroup;
			children = (
				B272130A235A66A200C4E8C5 /* Instagram */,
				B2F4BD822366D84900303B24 /* GoogleService-Info.plist */,
				B2721309235A66A200C4E8C5 /* Products */,
				BC613244506AD58A5D740266 /* Pods */,
				F9F3A569E8C32BD89E6CA806 /* Frameworks */,
			);
			sourceTree = "<group>";
		};
		B2721309235A66A200C4E8C5 /* Products */ = {
			isa = PBXGroup;
			children = (
				B2721308235A66A200C4E8C5 /* Instagram.app */,
			);
			name = Products;
			sourceTree = "<group>";
		};
		B272130A235A66A200C4E8C5 /* Instagram */ = {
			isa = PBXGroup;
			children = (
				B272130B235A66A200C4E8C5 /* AppDelegate.swift */,
				B272130D235A66A200C4E8C5 /* ViewController.swift */,
				B2F4BD7A2366CC7D00303B24 /* HomeViewController.swift */,
				B2F4BD7C2366CDB300303B24 /* ImageSelectViewController.swift */,
				B2F4BD782366CC3B00303B24 /* LoginViewController.swift */,
				B2F4BD842372D11400303B24 /* Const.swift */,
				B2F4BD802366CE4800303B24 /* SettingViewController.swift */,
				B2F4BD862372D2F800303B24 /* PostData.swift */,
				B2F4BD7E2366CE0300303B24 /* PostViewController.swift */,
				B2F4BD882372D3D200303B24 /* PostTableViewCell.swift */,
				B2F4BD892372D3D300303B24 /* PostTableViewCell.xib */,
				B272130F235A66A200C4E8C5 /* Main.storyboard */,
				B2721312235A66A600C4E8C5 /* Assets.xcassets */,
				B2721314235A66A600C4E8C5 /* LaunchScreen.storyboard */,
				B2721317235A66A600C4E8C5 /* Info.plist */,
			);
			path = Instagram;
			sourceTree = "<group>";
		};
		BC613244506AD58A5D740266 /* Pods */ = {
			isa = PBXGroup;
			children = (
				4EC6AA77A77A79C7939B70FF /* Pods-Instagram.debug.xcconfig */,
				CC0A5D8B03C2E750569CF1C7 /* Pods-Instagram.release.xcconfig */,
			);
			path = Pods;
			sourceTree = "<group>";
		};
		F9F3A569E8C32BD89E6CA806 /* Frameworks */ = {
			isa = PBXGroup;
			children = (
				1C373A4ECA49B3E60C2FB90D /* Pods_Instagram.framework */,
			);
			name = Frameworks;
			sourceTree = "<group>";
		};
/* End PBXGroup section */

/* Begin PBXNativeTarget section */
		B2721307235A66A200C4E8C5 /* Instagram */ = {
			isa = PBXNativeTarget;
			buildConfigurationList = B272131A235A66A600C4E8C5 /* Build configuration list for PBXNativeTarget "Instagram" */;
			buildPhases = (
				4533C7685D73473134D2892D /* [CP] Check Pods Manifest.lock */,
				B2721304235A66A200C4E8C5 /* Sources */,
				B2721305235A66A200C4E8C5 /* Frameworks */,
				B2721306235A66A200C4E8C5 /* Resources */,
				B849258A6AE21EC2C616B6AD /* [CP] Embed Pods Frameworks */,
			);
			buildRules = (
			);
			dependencies = (
			);
			name = Instagram;
			productName = Instagram;
			productReference = B2721308235A66A200C4E8C5 /* Instagram.app */;
			productType = "com.apple.product-type.application";
		};
/* End PBXNativeTarget section */

/* Begin PBXProject section */
		B2721300235A66A200C4E8C5 /* Project object */ = {
			isa = PBXProject;
			attributes = {
				LastSwiftUpdateCheck = 1020;
				LastUpgradeCheck = 1020;
				ORGANIZATIONNAME = Ryuuki.hamada;
				TargetAttributes = {
					B2721307235A66A200C4E8C5 = {
						CreatedOnToolsVersion = 10.2.1;
					};
				};
			};
			buildConfigurationList = B2721303235A66A200C4E8C5 /* Build configuration list for PBXProject "Instagram" */;
			compatibilityVersion = "Xcode 9.3";
			developmentRegion = en;
			hasScannedForEncodings = 0;
			knownRegions = (
				en,
				Base,
			);
			mainGroup = B27212FF235A66A200C4E8C5;
			productRefGroup = B2721309235A66A200C4E8C5 /* Products */;
			projectDirPath = "";
			projectRoot = "";
			targets = (
				B2721307235A66A200C4E8C5 /* Instagram */,
			);
		};
/* End PBXProject section */

/* Begin PBXResourcesBuildPhase section */
		B2721306235A66A200C4E8C5 /* Resources */ = {
			isa = PBXResourcesBuildPhase;
			buildActionMask = 2147483647;
			files = (
				B2721316235A66A600C4E8C5 /* LaunchScreen.storyboard in Resources */,
				B2F4BD8B2372D3D300303B24 /* PostTableViewCell.xib in Resources */,
				B2F4BD832366D84A00303B24 /* GoogleService-Info.plist in Resources */,
				B2721313235A66A600C4E8C5 /* Assets.xcassets in Resources */,
				B2721311235A66A200C4E8C5 /* Main.storyboard in Resources */,
			);
			runOnlyForDeploymentPostprocessing = 0;
		};
/* End PBXResourcesBuildPhase section */

/* Begin PBXShellScriptBuildPhase section */
		4533C7685D73473134D2892D /* [CP] Check Pods Manifest.lock */ = {
			isa = PBXShellScriptBuildPhase;
			buildActionMask = 2147483647;
			files = (
			);
			inputFileListPaths = (
			);
			inputPaths = (
				"${PODS_PODFILE_DIR_PATH}/Podfile.lock",
				"${PODS_ROOT}/Manifest.lock",
			);
			name = "[CP] Check Pods Manifest.lock";
			outputFileListPaths = (
			);
			outputPaths = (
				"$(DERIVED_FILE_DIR)/Pods-Instagram-checkManifestLockResult.txt",
			);
			runOnlyForDeploymentPostprocessing = 0;
			shellPath = /bin/sh;
			shellScript = "diff \"${PODS_PODFILE_DIR_PATH}/Podfile.lock\" \"${PODS_ROOT}/Manifest.lock\" > /dev/null\nif [ $? != 0 ] ; then\n    # print error to STDERR\n    echo \"error: The sandbox is not in sync with the Podfile.lock. Run 'pod install' or update your CocoaPods installation.\" >&2\n    exit 1\nfi\n# This output is used by Xcode 'outputs' to avoid re-running this script phase.\necho \"SUCCESS\" > \"${SCRIPT_OUTPUT_FILE_0}\"\n";
			showEnvVarsInLog = 0;
		};
		B849258A6AE21EC2C616B6AD /* [CP] Embed Pods Frameworks */ = {
			isa = PBXShellScriptBuildPhase;
			buildActionMask = 2147483647;
			files = (
			);
			inputFileListPaths = (
				"${PODS_ROOT}/Target Support Files/Pods-Instagram/Pods-Instagram-frameworks-${CONFIGURATION}-input-files.xcfilelist",
			);
			name = "[CP] Embed Pods Frameworks";
			outputFileListPaths = (
				"${PODS_ROOT}/Target Support Files/Pods-Instagram/Pods-Instagram-frameworks-${CONFIGURATION}-output-files.xcfilelist",
			);
			runOnlyForDeploymentPostprocessing = 0;
			shellPath = /bin/sh;
			shellScript = "\"${PODS_ROOT}/Target Support Files/Pods-Instagram/Pods-Instagram-frameworks.sh\"\n";
			showEnvVarsInLog = 0;
		};
/* End PBXShellScriptBuildPhase section */

/* Begin PBXSourcesBuildPhase section */
		B2721304235A66A200C4E8C5 /* Sources */ = {
			isa = PBXSourcesBuildPhase;
			buildActionMask = 2147483647;
			files = (
				B2F4BD7F2366CE0300303B24 /* PostViewController.swift in Sources */,
				B2F4BD872372D2F800303B24 /* PostData.swift in Sources */,
				B2F4BD792366CC3B00303B24 /* LoginViewController.swift in Sources */,
				B272130E235A66A200C4E8C5 /* ViewController.swift in Sources */,
				B272130C235A66A200C4E8C5 /* AppDelegate.swift in Sources */,
				B2F4BD7D2366CDB300303B24 /* ImageSelectViewController.swift in Sources */,
				B2F4BD852372D11400303B24 /* Const.swift in Sources */,
				B2F4BD8A2372D3D300303B24 /* PostTableViewCell.swift in Sources */,
				B2F4BD812366CE4800303B24 /* SettingViewController.swift in Sources */,
				B2F4BD7B2366CC7D00303B24 /* HomeViewController.swift in Sources */,
			);
			runOnlyForDeploymentPostprocessing = 0;
		};
/* End PBXSourcesBuildPhase section */

/* Begin PBXVariantGroup section */
		B272130F235A66A200C4E8C5 /* Main.storyboard */ = {
			isa = PBXVariantGroup;
			children = (
				B2721310235A66A200C4E8C5 /* Base */,
			);
			name = Main.storyboard;
			sourceTree = "<group>";
		};
		B2721314235A66A600C4E8C5 /* LaunchScreen.storyboard */ = {
			isa = PBXVariantGroup;
			children = (
				B2721315235A66A600C4E8C5 /* Base */,
			);
			name = LaunchScreen.storyboard;
			sourceTree = "<group>";
		};
/* End PBXVariantGroup section */

/* Begin XCBuildConfiguration section */
		B2721318235A66A600C4E8C5 /* Debug */ = {
			isa = XCBuildConfiguration;
			buildSettings = {
				ALWAYS_SEARCH_USER_PATHS = NO;
				CLANG_ANALYZER_NONNULL = YES;
				CLANG_ANALYZER_NUMBER_OBJECT_CONVERSION = YES_AGGRESSIVE;
				CLANG_CXX_LANGUAGE_STANDARD = "gnu++14";
				CLANG_CXX_LIBRARY = "libc++";
				CLANG_ENABLE_MODULES = YES;
				CLANG_ENABLE_OBJC_ARC = YES;
				CLANG_ENABLE_OBJC_WEAK = YES;
				CLANG_WARN_BLOCK_CAPTURE_AUTORELEASING = YES;
				CLANG_WARN_BOOL_CONVERSION = YES;
				CLANG_WARN_COMMA = YES;
				CLANG_WARN_CONSTANT_CONVERSION = YES;
				CLANG_WARN_DEPRECATED_OBJC_IMPLEMENTATIONS = YES;
				CLANG_WARN_DIRECT_OBJC_ISA_USAGE = YES_ERROR;
				CLANG_WARN_DOCUMENTATION_COMMENTS = YES;
				CLANG_WARN_EMPTY_BODY = YES;
				CLANG_WARN_ENUM_CONVERSION = YES;
				CLANG_WARN_INFINITE_RECURSION = YES;
				CLANG_WARN_INT_CONVERSION = YES;
				CLANG_WARN_NON_LITERAL_NULL_CONVERSION = YES;
				CLANG_WARN_OBJC_IMPLICIT_RETAIN_SELF = YES;
				CLANG_WARN_OBJC_LITERAL_CONVERSION = YES;
				CLANG_WARN_OBJC_ROOT_CLASS = YES_ERROR;
				CLANG_WARN_RANGE_LOOP_ANALYSIS = YES;
				CLANG_WARN_STRICT_PROTOTYPES = YES;
				CLANG_WARN_SUSPICIOUS_MOVE = YES;
				CLANG_WARN_UNGUARDED_AVAILABILITY = YES_AGGRESSIVE;
				CLANG_WARN_UNREACHABLE_CODE = YES;
				CLANG_WARN__DUPLICATE_METHOD_MATCH = YES;
				CODE_SIGN_IDENTITY = "iPhone Developer";
				COPY_PHASE_STRIP = NO;
				DEBUG_INFORMATION_FORMAT = dwarf;
				ENABLE_STRICT_OBJC_MSGSEND = YES;
				ENABLE_TESTABILITY = YES;
				GCC_C_LANGUAGE_STANDARD = gnu11;
				GCC_DYNAMIC_NO_PIC = NO;
				GCC_NO_COMMON_BLOCKS = YES;
				GCC_OPTIMIZATION_LEVEL = 0;
				GCC_PREPROCESSOR_DEFINITIONS = (
					"DEBUG=1",
					"$(inherited)",
				);
				GCC_WARN_64_TO_32_BIT_CONVERSION = YES;
				GCC_WARN_ABOUT_RETURN_TYPE = YES_ERROR;
				GCC_WARN_UNDECLARED_SELECTOR = YES;
				GCC_WARN_UNINITIALIZED_AUTOS = YES_AGGRESSIVE;
				GCC_WARN_UNUSED_FUNCTION = YES;
				GCC_WARN_UNUSED_VARIABLE = YES;
				IPHONEOS_DEPLOYMENT_TARGET = 12.2;
				MTL_ENABLE_DEBUG_INFO = INCLUDE_SOURCE;
				MTL_FAST_MATH = YES;
				ONLY_ACTIVE_ARCH = YES;
				SDKROOT = iphoneos;
				SWIFT_ACTIVE_COMPILATION_CONDITIONS = DEBUG;
				SWIFT_OPTIMIZATION_LEVEL = "-Onone";
			};
			name = Debug;
		};
		B2721319235A66A600C4E8C5 /* Release */ = {
			isa = XCBuildConfiguration;
			buildSettings = {
				ALWAYS_SEARCH_USER_PATHS = NO;
				CLANG_ANALYZER_NONNULL = YES;
				CLANG_ANALYZER_NUMBER_OBJECT_CONVERSION = YES_AGGRESSIVE;
				CLANG_CXX_LANGUAGE_STANDARD = "gnu++14";
				CLANG_CXX_LIBRARY = "libc++";
				CLANG_ENABLE_MODULES = YES;
				CLANG_ENABLE_OBJC_ARC = YES;
				CLANG_ENABLE_OBJC_WEAK = YES;
				CLANG_WARN_BLOCK_CAPTURE_AUTORELEASING = YES;
				CLANG_WARN_BOOL_CONVERSION = YES;
				CLANG_WARN_COMMA = YES;
				CLANG_WARN_CONSTANT_CONVERSION = YES;
				CLANG_WARN_DEPRECATED_OBJC_IMPLEMENTATIONS = YES;
				CLANG_WARN_DIRECT_OBJC_ISA_USAGE = YES_ERROR;
				CLANG_WARN_DOCUMENTATION_COMMENTS = YES;
				CLANG_WARN_EMPTY_BODY = YES;
				CLANG_WARN_ENUM_CONVERSION = YES;
				CLANG_WARN_INFINITE_RECURSION = YES;
				CLANG_WARN_INT_CONVERSION = YES;
				CLANG_WARN_NON_LITERAL_NULL_CONVERSION = YES;
				CLANG_WARN_OBJC_IMPLICIT_RETAIN_SELF = YES;
				CLANG_WARN_OBJC_LITERAL_CONVERSION = YES;
				CLANG_WARN_OBJC_ROOT_CLASS = YES_ERROR;
				CLANG_WARN_RANGE_LOOP_ANALYSIS = YES;
				CLANG_WARN_STRICT_PROTOTYPES = YES;
				CLANG_WARN_SUSPICIOUS_MOVE = YES;
				CLANG_WARN_UNGUARDED_AVAILABILITY = YES_AGGRESSIVE;
				CLANG_WARN_UNREACHABLE_CODE = YES;
				CLANG_WARN__DUPLICATE_METHOD_MATCH = YES;
				CODE_SIGN_IDENTITY = "iPhone Developer";
				COPY_PHASE_STRIP = NO;
				DEBUG_INFORMATION_FORMAT = "dwarf-with-dsym";
				ENABLE_NS_ASSERTIONS = NO;
				ENABLE_STRICT_OBJC_MSGSEND = YES;
				GCC_C_LANGUAGE_STANDARD = gnu11;
				GCC_NO_COMMON_BLOCKS = YES;
				GCC_WARN_64_TO_32_BIT_CONVERSION = YES;
				GCC_WARN_ABOUT_RETURN_TYPE = YES_ERROR;
				GCC_WARN_UNDECLARED_SELECTOR = YES;
				GCC_WARN_UNINITIALIZED_AUTOS = YES_AGGRESSIVE;
				GCC_WARN_UNUSED_FUNCTION = YES;
				GCC_WARN_UNUSED_VARIABLE = YES;
				IPHONEOS_DEPLOYMENT_TARGET = 12.2;
				MTL_ENABLE_DEBUG_INFO = NO;
				MTL_FAST_MATH = YES;
				SDKROOT = iphoneos;
				SWIFT_COMPILATION_MODE = wholemodule;
				SWIFT_OPTIMIZATION_LEVEL = "-O";
				VALIDATE_PRODUCT = YES;
			};
			name = Release;
		};
		B272131B235A66A600C4E8C5 /* Debug */ = {
			isa = XCBuildConfiguration;
			baseConfigurationReference = 4EC6AA77A77A79C7939B70FF /* Pods-Instagram.debug.xcconfig */;
			buildSettings = {
				ASSETCATALOG_COMPILER_APPICON_NAME = AppIcon;
				CODE_SIGN_STYLE = Automatic;
				INFOPLIST_FILE = Instagram/Info.plist;
				LD_RUNPATH_SEARCH_PATHS = (
					"$(inherited)",
					"@executable_path/Frameworks",
				);
				PRODUCT_BUNDLE_IDENTIFIER = jp.techacademy.Ryuuki.hamada.Instagram;
				PRODUCT_NAME = "$(TARGET_NAME)";
				SWIFT_VERSION = 5.0;
				TARGETED_DEVICE_FAMILY = 1;
			};
			name = Debug;
		};
		B272131C235A66A600C4E8C5 /* Release */ = {
			isa = XCBuildConfiguration;
			baseConfigurationReference = CC0A5D8B03C2E750569CF1C7 /* Pods-Instagram.release.xcconfig */;
			buildSettings = {
				ASSETCATALOG_COMPILER_APPICON_NAME = AppIcon;
				CODE_SIGN_STYLE = Automatic;
				INFOPLIST_FILE = Instagram/Info.plist;
				LD_RUNPATH_SEARCH_PATHS = (
					"$(inherited)",
					"@executable_path/Frameworks",
				);
				PRODUCT_BUNDLE_IDENTIFIER = jp.techacademy.Ryuuki.hamada.Instagram;
				PRODUCT_NAME = "$(TARGET_NAME)";
				SWIFT_VERSION = 5.0;
				TARGETED_DEVICE_FAMILY = 1;
			};
			name = Release;
		};
/* End XCBuildConfiguration section */

/* Begin XCConfigurationList section */
		B2721303235A66A200C4E8C5 /* Build configuration list for PBXProject "Instagram" */ = {
			isa = XCConfigurationList;
			buildConfigurations = (
				B2721318235A66A600C4E8C5 /* Debug */,
				B2721319235A66A600C4E8C5 /* Release */,
			);
			defaultConfigurationIsVisible = 0;
			defaultConfigurationName = Release;
		};
		B272131A235A66A600C4E8C5 /* Build configuration list for PBXNativeTarget "Instagram" */ = {
			isa = XCConfigurationList;
			buildConfigurations = (
				B272131B235A66A600C4E8C5 /* Debug */,
				B272131C235A66A600C4E8C5 /* Release */,
			);
			defaultConfigurationIsVisible = 0;
			defaultConfigurationName = Release;
		};
/* End XCConfigurationList section */
	};
	rootObject = B2721300235A66A200C4E8C5 /* Project object */;
}
